{
	"name": "GHActions-FPC",
	"version": "0.1.0",
	"lockfileVersion": 1,
	"requires": true,
	"dependencies": {
		"@actions/core": {
			"version": "1.5.0",
			"resolved": "https://registry.npmjs.org/@actions/core/-/core-1.5.0.tgz",
			"integrity": "sha512-eDOLH1Nq9zh+PJlYLqEMkS/jLQxhksPNmUGNBHfa4G+tQmnIhzpctxmchETtVGyBOvXgOVVpYuE40+eS4cUnwQ=="
		},
		"@vercel/ncc": {
			"version": "0.31.0",
			"resolved": "https://registry.npmjs.org/@vercel/ncc/-/ncc-0.31.0.tgz",
			"integrity": "sha512-vpioWEFk00Sk5CgJj39LFAjqXcM0PLcaSqaEDeZZUKfHEKYmHL5tOns7Xd21/o4SKzRi+XE0qhEv9wWwkfmNaA==",
			"dev": true
		}
	}
}
